
Microsoft Visual Studio Solution File, Format Version 12.00
# Visual Studio 15
VisualStudioVersion = 15.0.28010.2016
MinimumVisualStudioVersion = 10.0.40219.1
Project("{FAE04EC0-301F-11D3-BF4B-00C04F79EFBC}") = "ContactApi.Data", "ContactApi.Data\ContactApi.Data.csproj", "{C7230648-250A-4632-9189-739C9EEAFAAF}"
EndProject
Project("{FAE04EC0-301F-11D3-BF4B-00C04F79EFBC}") = "ContactApi.Web.Common", "ContactApi.Web.Common\ContactApi.Web.Common.csproj", "{79DEFC60-4DF4-423B-8F19-AFF91902D01C}"
EndProject
Project("{2150E333-8FDC-42A3-9474-1A3956D46DE8}") = "Solution Items", "Solution Items", "{91D5C422-1FFC-4942-B1B5-9C6873FDD343}"
	ProjectSection(SolutionItems) = preProject
		Nuget.Config = Nuget.Config
	EndProjectSection
EndProject
Project("{2150E333-8FDC-42A3-9474-1A3956D46DE8}") = "Tests", "Tests", "{26B65CD6-1F3D-4CD0-9F66-7D39DF13884C}"
EndProject
Project("{FAE04EC0-301F-11D3-BF4B-00C04F79EFBC}") = "ContactApi.Data.Tests", "Tests\ContactApi.Data.Tests\ContactApi.Data.Tests.csproj", "{130C7893-300C-46E2-A662-36F98B403EA4}"
EndProject
Project("{FAE04EC0-301F-11D3-BF4B-00C04F79EFBC}") = "ContactApi.Web.Api.IntegrationTests", "Tests\ContactApi.Web.Api.IntegrationTests\ContactApi.Web.Api.IntegrationTests.csproj", "{CA6B71B3-B2AB-43D2-9192-C0B40BFE5FCE}"
EndProject
Project("{FAE04EC0-301F-11D3-BF4B-00C04F79EFBC}") = "ContactApi.Web.Api.Tests", "Tests\ContactApi.Web.Api.Tests\ContactApi.Web.Api.Tests.csproj", "{002C5E09-D15B-4924-8B98-205D6E85B706}"
EndProject
Project("{FAE04EC0-301F-11D3-BF4B-00C04F79EFBC}") = "ContactApi.Web.Common.Tests", "Tests\ContactApi.Web.Common.Tests\ContactApi.Web.Common.Tests.csproj", "{E7A2F791-F143-4298-9C6A-6B50C5E5F4AD}"
EndProject
Project("{FAE04EC0-301F-11D3-BF4B-00C04F79EFBC}") = "ContactApi.Web.Api", "ContactApi.Web.Api\ContactApi.Web.Api.csproj", "{508B16A5-7E81-46E8-98B5-D58B26905271}"
EndProject
Project("{FAE04EC0-301F-11D3-BF4B-00C04F79EFBC}") = "ContactApi.Test.Utility", "ContactApi.Test.Utility\ContactApi.Test.Utility.csproj", "{4860F813-747E-4B87-9EDF-908EF32DC48A}"
EndProject
Global
	GlobalSection(SolutionConfigurationPlatforms) = preSolution
		Debug|Any CPU = Debug|Any CPU
		Release|Any CPU = Release|Any CPU
	EndGlobalSection
	GlobalSection(ProjectConfigurationPlatforms) = postSolution
		{C7230648-250A-4632-9189-739C9EEAFAAF}.Debug|Any CPU.ActiveCfg = Debug|Any CPU
		{C7230648-250A-4632-9189-739C9EEAFAAF}.Debug|Any CPU.Build.0 = Debug|Any CPU
		{C7230648-250A-4632-9189-739C9EEAFAAF}.Release|Any CPU.ActiveCfg = Release|Any CPU
		{C7230648-250A-4632-9189-739C9EEAFAAF}.Release|Any CPU.Build.0 = Release|Any CPU
		{79DEFC60-4DF4-423B-8F19-AFF91902D01C}.Debug|Any CPU.ActiveCfg = Debug|Any CPU
		{79DEFC60-4DF4-423B-8F19-AFF91902D01C}.Debug|Any CPU.Build.0 = Debug|Any CPU
		{79DEFC60-4DF4-423B-8F19-AFF91902D01C}.Release|Any CPU.ActiveCfg = Release|Any CPU
		{79DEFC60-4DF4-423B-8F19-AFF91902D01C}.Release|Any CPU.Build.0 = Release|Any CPU
		{130C7893-300C-46E2-A662-36F98B403EA4}.Debug|Any CPU.ActiveCfg = Debug|Any CPU
		{130C7893-300C-46E2-A662-36F98B403EA4}.Debug|Any CPU.Build.0 = Debug|Any CPU
		{130C7893-300C-46E2-A662-36F98B403EA4}.Release|Any CPU.ActiveCfg = Release|Any CPU
		{130C7893-300C-46E2-A662-36F98B403EA4}.Release|Any CPU.Build.0 = Release|Any CPU
		{CA6B71B3-B2AB-43D2-9192-C0B40BFE5FCE}.Debug|Any CPU.ActiveCfg = Debug|Any CPU
		{CA6B71B3-B2AB-43D2-9192-C0B40BFE5FCE}.Debug|Any CPU.Build.0 = Debug|Any CPU
		{CA6B71B3-B2AB-43D2-9192-C0B40BFE5FCE}.Release|Any CPU.ActiveCfg = Release|Any CPU
		{CA6B71B3-B2AB-43D2-9192-C0B40BFE5FCE}.Release|Any CPU.Build.0 = Release|Any CPU
		{002C5E09-D15B-4924-8B98-205D6E85B706}.Debug|Any CPU.ActiveCfg = Debug|Any CPU
		{002C5E09-D15B-4924-8B98-205D6E85B706}.Debug|Any CPU.Build.0 = Debug|Any CPU
		{002C5E09-D15B-4924-8B98-205D6E85B706}.Release|Any CPU.ActiveCfg = Release|Any CPU
		{002C5E09-D15B-4924-8B98-205D6E85B706}.Release|Any CPU.Build.0 = Release|Any CPU
		{E7A2F791-F143-4298-9C6A-6B50C5E5F4AD}.Debug|Any CPU.ActiveCfg = Debug|Any CPU
		{E7A2F791-F143-4298-9C6A-6B50C5E5F4AD}.Debug|Any CPU.Build.0 = Debug|Any CPU
		{E7A2F791-F143-4298-9C6A-6B50C5E5F4AD}.Release|Any CPU.ActiveCfg = Release|Any CPU
		{E7A2F791-F143-4298-9C6A-6B50C5E5F4AD}.Release|Any CPU.Build.0 = Release|Any CPU
		{508B16A5-7E81-46E8-98B5-D58B26905271}.Debug|Any CPU.ActiveCfg = Debug|Any CPU
		{508B16A5-7E81-46E8-98B5-D58B26905271}.Debug|Any CPU.Build.0 = Debug|Any CPU
		{508B16A5-7E81-46E8-98B5-D58B26905271}.Release|Any CPU.ActiveCfg = Release|Any CPU
		{508B16A5-7E81-46E8-98B5-D58B26905271}.Release|Any CPU.Build.0 = Release|Any CPU
		{4860F813-747E-4B87-9EDF-908EF32DC48A}.Debug|Any CPU.ActiveCfg = Debug|Any CPU
		{4860F813-747E-4B87-9EDF-908EF32DC48A}.Debug|Any CPU.Build.0 = Debug|Any CPU
		{4860F813-747E-4B87-9EDF-908EF32DC48A}.Release|Any CPU.ActiveCfg = Release|Any CPU
		{4860F813-747E-4B87-9EDF-908EF32DC48A}.Release|Any CPU.Build.0 = Release|Any CPU
	EndGlobalSection
	GlobalSection(SolutionProperties) = preSolution
		HideSolutionNode = FALSE
	EndGlobalSection
	GlobalSection(NestedProjects) = preSolution
		{130C7893-300C-46E2-A662-36F98B403EA4} = {26B65CD6-1F3D-4CD0-9F66-7D39DF13884C}
		{CA6B71B3-B2AB-43D2-9192-C0B40BFE5FCE} = {26B65CD6-1F3D-4CD0-9F66-7D39DF13884C}
		{002C5E09-D15B-4924-8B98-205D6E85B706} = {26B65CD6-1F3D-4CD0-9F66-7D39DF13884C}
		{E7A2F791-F143-4298-9C6A-6B50C5E5F4AD} = {26B65CD6-1F3D-4CD0-9F66-7D39DF13884C}
		{4860F813-747E-4B87-9EDF-908EF32DC48A} = {26B65CD6-1F3D-4CD0-9F66-7D39DF13884C}
	EndGlobalSection
	GlobalSection(ExtensibilityGlobals) = postSolution
		SolutionGuid = {89158C38-2513-48A0-9C44-03CB8D964EB9}
	EndGlobalSection
EndGlobal
